// !$*UTF8*$!
{
	archiveVersion = 1;
	classes = {
	};
	objectVersion = 46;
	objects = {

/* Begin PBXBuildFile section */
		BE44FB581EC2CDD900F34393 /* AppDelegate.swift in Sources */ = {isa = PBXBuildFile; fileRef = BE44FB571EC2CDD900F34393 /* AppDelegate.swift */; };
		BE44FB5A1EC2CDD900F34393 /* ViewController.swift in Sources */ = {isa = PBXBuildFile; fileRef = BE44FB591EC2CDD900F34393 /* ViewController.swift */; };
		BE44FB5D1EC2CDD900F34393 /* Main.storyboard in Resources */ = {isa = PBXBuildFile; fileRef = BE44FB5B1EC2CDD900F34393 /* Main.storyboard */; };
		BE44FB5F1EC2CDD900F34393 /* Assets.xcassets in Resources */ = {isa = PBXBuildFile; fileRef = BE44FB5E1EC2CDD900F34393 /* Assets.xcassets */; };
		BE44FB621EC2CDD900F34393 /* LaunchScreen.storyboard in Resources */ = {isa = PBXBuildFile; fileRef = BE44FB601EC2CDD900F34393 /* LaunchScreen.storyboard */; };
/* End PBXBuildFile section */

/* Begin PBXFileReference section */
		BE44FB541EC2CDD900F34393 /* iOS10-notifications.app */ = {isa = PBXFileReference; explicitFileType = wrapper.application; includeInIndex = 0; path = "iOS10-notifications.app"; sourceTree = BUILT_PRODUCTS_DIR; };
		BE44FB571EC2CDD900F34393 /* AppDelegate.swift */ = {isa = PBXFileReference; lastKnownFileType = sourcecode.swift; path = AppDelegate.swift; sourceTree = "<group>"; };
		BE44FB591EC2CDD900F34393 /* ViewController.swift */ = {isa = PBXFileReference; lastKnownFileType = sourcecode.swift; path = ViewController.swift; sourceTree = "<group>"; };
		BE44FB5C1EC2CDD900F34393 /* Base */ = {isa = PBXFileReference; lastKnownFileType = file.storyboard; name = Base; path = Base.lproj/Main.storyboard; sourceTree = "<group>"; };
		BE44FB5E1EC2CDD900F34393 /* Assets.xcassets */ = {isa = PBXFileReference; lastKnownFileType = folder.assetcatalog; path = Assets.xcassets; sourceTree = "<group>"; };
		BE44FB611EC2CDD900F34393 /* Base */ = {isa = PBXFileReference; lastKnownFileType = file.storyboard; name = Base; path = Base.lproj/LaunchScreen.storyboard; sourceTree = "<group>"; };
		BE44FB631EC2CDD900F34393 /* Info.plist */ = {isa = PBXFileReference; lastKnownFileType = text.plist.xml; path = Info.plist; sourceTree = "<group>"; };
/* End PBXFileReference section */

/* Begin PBXFrameworksBuildPhase section */
		BE44FB511EC2CDD900F34393 /* Frameworks */ = {
			isa = PBXFrameworksBuildPhase;
			buildActionMask = 2147483647;
			files = (
			);
			runOnlyForDeploymentPostprocessing = 0;
		};
/* End PBXFrameworksBuildPhase section */

/* Begin PBXGroup section */
		BE44FB4B1EC2CDD900F34393 = {
			isa = PBXGroup;
			children = (
				BE44FB561EC2CDD900F34393 /* iOS10-notifications */,
				BE44FB551EC2CDD900F34393 /* Products */,
			);
			sourceTree = "<group>";
		};
		BE44FB551EC2CDD900F34393 /* Products */ = {
			isa = PBXGroup;
			children = (
				BE44FB541EC2CDD900F34393 /* iOS10-notifications.app */,
			);
			name = Products;
			sourceTree = "<group>";
		};
		BE44FB561EC2CDD900F34393 /* iOS10-notifications */ = {
			isa = PBXGroup;
			children = (
				BE44FB571EC2CDD900F34393 /* AppDelegate.swift */,
				BE44FB591EC2CDD900F34393 /* ViewController.swift */,
				BE44FB5B1EC2CDD900F34393 /* Main.storyboard */,
				BE44FB5E1EC2CDD900F34393 /* Assets.xcassets */,
				BE44FB601EC2CDD900F34393 /* LaunchScreen.storyboard */,
				BE44FB631EC2CDD900F34393 /* Info.plist */,
			);
			path = "iOS10-notifications";
			sourceTree = "<group>";
		};
/* End PBXGroup section */

/* Begin PBXNativeTarget section */
		BE44FB531EC2CDD900F34393 /* iOS10-notifications */ = {
			isa = PBXNativeTarget;
			buildConfigurationList = BE44FB661EC2CDD900F34393 /* Build configuration list for PBXNativeTarget "iOS10-notifications" */;
			buildPhases = (
				BE44FB501EC2CDD900F34393 /* Sources */,
				BE44FB511EC2CDD900F34393 /* Frameworks */,
				BE44FB521EC2CDD900F34393 /* Resources */,
			);
			buildRules = (
			);
			dependencies = (
			);
			name = "iOS10-notifications";
			productName = "iOS10-notifications";
			productReference = BE44FB541EC2CDD900F34393 /* iOS10-notifications.app */;
			productType = "com.apple.product-type.application";
		};
/* End PBXNativeTarget section */

/* Begin PBXProject section */
		BE44FB4C1EC2CDD900F34393 /* Project object */ = {
			isa = PBXProject;
			attributes = {
				LastSwiftUpdateCheck = 0830;
				LastUpgradeCheck = 0830;
				ORGANIZATIONNAME = r3d;
				TargetAttributes = {
					BE44FB531EC2CDD900F34393 = {
						CreatedOnToolsVersion = 8.3.2;
						DevelopmentTeam = 5XZQ592FBM;
						ProvisioningStyle = Automatic;
					};
				};
			};
			buildConfigurationList = BE44FB4F1EC2CDD900F34393 /* Build configuration list for PBXProject "iOS10-notifications" */;
			compatibilityVersion = "Xcode 3.2";
			developmentRegion = English;
			hasScannedForEncodings = 0;
			knownRegions = (
				en,
				Base,
			);
			mainGroup = BE44FB4B1EC2CDD900F34393;
			productRefGroup = BE44FB551EC2CDD900F34393 /* Products */;
			projectDirPath = "";
			projectRoot = "";
			targets = (
				BE44FB531EC2CDD900F34393 /* iOS10-notifications */,
			);
		};
/* End PBXProject section */

/* Begin PBXResourcesBuildPhase section */
		BE44FB521EC2CDD900F34393 /* Resources */ = {
			isa = PBXResourcesBuildPhase;
			buildActionMask = 2147483647;
			files = (
				BE44FB621EC2CDD900F34393 /* LaunchScreen.storyboard in Resources */,
				BE44FB5F1EC2CDD900F34393 /* Assets.xcassets in Resources */,
				BE44FB5D1EC2CDD900F34393 /* Main.storyboard in Resources */,
			);
			runOnlyForDeploymentPostprocessing = 0;
		};
/* End PBXResourcesBuildPhase section */

/* Begin PBXSourcesBuildPhase section */
		BE44FB501EC2CDD900F34393 /* Sources */ = {
			isa = PBXSourcesBuildPhase;
			buildActionMask = 2147483647;
			files = (
				BE44FB5A1EC2CDD900F34393 /* ViewController.swift in Sources */,
				BE44FB581EC2CDD900F34393 /* AppDelegate.swift in Sources */,
			);
			runOnlyForDeploymentPostprocessing = 0;
		};
/* End PBXSourcesBuildPhase section */

/* Begin PBXVariantGroup section */
		BE44FB5B1EC2CDD900F34393 /* Main.storyboard */ = {
			isa = PBXVariantGroup;
			children = (
				BE44FB5C1EC2CDD900F34393 /* Base */,
			);
			name = Main.storyboard;
			sourceTree = "<group>";
		};
		BE44FB601EC2CDD900F34393 /* LaunchScreen.storyboard */ = {
			isa = PBXVariantGroup;
			children = (
				BE44FB611EC2CDD900F34393 /* Base */,
			);
			name = LaunchScreen.storyboard;
			sourceTree = "<group>";
		};
/* End PBXVariantGroup section */

/* Begin XCBuildConfiguration section */
		BE44FB641EC2CDD900F34393 /* Debug */ = {
			isa = XCBuildConfiguration;
			buildSettings = {
				ALWAYS_SEARCH_USER_PATHS = NO;
				CLANG_ANALYZER_NONNULL = YES;
				CLANG_ANALYZER_NUMBER_OBJECT_CONVERSION = YES_AGGRESSIVE;
				CLANG_CXX_LANGUAGE_STANDARD = "gnu++0x";
				CLANG_CXX_LIBRARY = "libc++";
				CLANG_ENABLE_MODULES = YES;
				CLANG_ENABLE_OBJC_ARC = YES;
				CLANG_WARN_BOOL_CONVERSION = YES;
				CLANG_WARN_CONSTANT_CONVERSION = YES;
				CLANG_WARN_DIRECT_OBJC_ISA_USAGE = YES_ERROR;
				CLANG_WARN_DOCUMENTATION_COMMENTS = YES;
				CLANG_WARN_EMPTY_BODY = YES;
				CLANG_WARN_ENUM_CONVERSION = YES;
				CLANG_WARN_INFINITE_RECURSION = YES;
				CLANG_WARN_INT_CONVERSION = YES;
				CLANG_WARN_OBJC_ROOT_CLASS = YES_ERROR;
				CLANG_WARN_SUSPICIOUS_MOVE = YES;
				CLANG_WARN_UNREACHABLE_CODE = YES;
				CLANG_WARN__DUPLICATE_METHOD_MATCH = YES;
				"CODE_SIGN_IDENTITY[sdk=iphoneos*]" = "iPhone Developer";
				COPY_PHASE_STRIP = NO;
				DEBUG_INFORMATION_FORMAT = dwarf;
				ENABLE_STRICT_OBJC_MSGSEND = YES;
				ENABLE_TESTABILITY = YES;
				GCC_C_LANGUAGE_STANDARD = gnu99;
				GCC_DYNAMIC_NO_PIC = NO;
				GCC_NO_COMMON_BLOCKS = YES;
				GCC_OPTIMIZATION_LEVEL = 0;
				GCC_PREPROCESSOR_DEFINITIONS = (
					"DEBUG=1",
					"$(inherited)",
				);
				GCC_WARN_64_TO_32_BIT_CONVERSION = YES;
				GCC_WARN_ABOUT_RETURN_TYPE = YES_ERROR;
				GCC_WARN_UNDECLARED_SELECTOR = YES;
				GCC_WARN_UNINITIALIZED_AUTOS = YES_AGGRESSIVE;
				GCC_WARN_UNUSED_FUNCTION = YES;
				GCC_WARN_UNUSED_VARIABLE = YES;
				IPHONEOS_DEPLOYMENT_TARGET = 10.3;
				MTL_ENABLE_DEBUG_INFO = YES;
				ONLY_ACTIVE_ARCH = YES;
				SDKROOT = iphoneos;
				SWIFT_ACTIVE_COMPILATION_CONDITIONS = DEBUG;
				SWIFT_OPTIMIZATION_LEVEL = "-Onone";
			};
			name = Debug;
		};
		BE44FB651EC2CDD900F34393 /* Release */ = {
			isa = XCBuildConfiguration;
			buildSettings = {
				ALWAYS_SEARCH_USER_PATHS = NO;
				CLANG_ANALYZER_NONNULL = YES;
				CLANG_ANALYZER_NUMBER_OBJECT_CONVERSION = YES_AGGRESSIVE;
				CLANG_CXX_LANGUAGE_STANDARD = "gnu++0x";
				CLANG_CXX_LIBRARY = "libc++";
				CLANG_ENABLE_MODULES = YES;
				CLANG_ENABLE_OBJC_ARC = YES;
				CLANG_WARN_BOOL_CONVERSION = YES;
				CLANG_WARN_CONSTANT_CONVERSION = YES;
				CLANG_WARN_DIRECT_OBJC_ISA_USAGE = YES_ERROR;
				CLANG_WARN_DOCUMENTATION_COMMENTS = YES;
				CLANG_WARN_EMPTY_BODY = YES;
				CLANG_WARN_ENUM_CONVERSION = YES;
				CLANG_WARN_INFINITE_RECURSION = YES;
				CLANG_WARN_INT_CONVERSION = YES;
				CLANG_WARN_OBJC_ROOT_CLASS = YES_ERROR;
				CLANG_WARN_SUSPICIOUS_MOVE = YES;
				CLANG_WARN_UNREACHABLE_CODE = YES;
				CLANG_WARN__DUPLICATE_METHOD_MATCH = YES;
				"CODE_SIGN_IDENTITY[sdk=iphoneos*]" = "iPhone Developer";
				COPY_PHASE_STRIP = NO;
				DEBUG_INFORMATION_FORMAT = "dwarf-with-dsym";
				ENABLE_NS_ASSERTIONS = NO;
				ENABLE_STRICT_OBJC_MSGSEND = YES;
				GCC_C_LANGUAGE_STANDARD = gnu99;
				GCC_NO_COMMON_BLOCKS = YES;
				GCC_WARN_64_TO_32_BIT_CONVERSION = YES;
				GCC_WARN_ABOUT_RETURN_TYPE = YES_ERROR;
				GCC_WARN_UNDECLARED_SELECTOR = YES;
				GCC_WARN_UNINITIALIZED_AUTOS = YES_AGGRESSIVE;
				GCC_WARN_UNUSED_FUNCTION = YES;
				GCC_WARN_UNUSED_VARIABLE = YES;
				IPHONEOS_DEPLOYMENT_TARGET = 10.3;
				MTL_ENABLE_DEBUG_INFO = NO;
				SDKROOT = iphoneos;
				SWIFT_OPTIMIZATION_LEVEL = "-Owholemodule";
				VALIDATE_PRODUCT = YES;
			};
			name = Release;
		};
		BE44FB671EC2CDD900F34393 /* Debug */ = {
			isa = XCBuildConfiguration;
			buildSettings = {
				ASSETCATALOG_COMPILER_APPICON_NAME = AppIcon;
				DEVELOPMENT_TEAM = 5XZQ592FBM;
				INFOPLIST_FILE = "iOS10-notifications/Info.plist";
				LD_RUNPATH_SEARCH_PATHS = "$(inherited) @executable_path/Frameworks";
				PRODUCT_BUNDLE_IDENTIFIER = "com.r3dm4n.iOS10-notifications";
				PRODUCT_NAME = "$(TARGET_NAME)";
				SWIFT_VERSION = 3.0;
			};
			name = Debug;
		};
		BE44FB681EC2CDD900F34393 /* Release */ = {
			isa = XCBuildConfiguration;
			buildSettings = {
				ASSETCATALOG_COMPILER_APPICON_NAME = AppIcon;
				DEVELOPMENT_TEAM = 5XZQ592FBM;
				INFOPLIST_FILE = "iOS10-notifications/Info.plist";
				LD_RUNPATH_SEARCH_PATHS = "$(inherited) @executable_path/Frameworks";
				PRODUCT_BUNDLE_IDENTIFIER = "com.r3dm4n.iOS10-notifications";
				PRODUCT_NAME = "$(TARGET_NAME)";
				SWIFT_VERSION = 3.0;
			};
			name = Release;
		};
/* End XCBuildConfiguration section */

/* Begin XCConfigurationList section */
		BE44FB4F1EC2CDD900F34393 /* Build configuration list for PBXProject "iOS10-notifications" */ = {
			isa = XCConfigurationList;
			buildConfigurations = (
				BE44FB641EC2CDD900F34393 /* Debug */,
				BE44FB651EC2CDD900F34393 /* Release */,
			);
			defaultConfigurationIsVisible = 0;
			defaultConfigurationName = Release;
		};
		BE44FB661EC2CDD900F34393 /* Build configuration list for PBXNativeTarget "iOS10-notifications" */ = {
			isa = XCConfigurationList;
			buildConfigurations = (
				BE44FB671EC2CDD900F34393 /* Debug */,
				BE44FB681EC2CDD900F34393 /* Release */,
			);
			defaultConfigurationIsVisible = 0;
		};
/* End XCConfigurationList section */
	};
	rootObject = BE44FB4C1EC2CDD900F34393 /* Project object */;
}
